
Microsoft Visual Studio Solution File, Format Version 12.00
# Visual Studio Version 17
VisualStudioVersion = 17.5.002.0
MinimumVisualStudioVersion = 10.0.40219.1
Project("{9A19103F-16F7-4668-BE54-9A1E7A4F7556}") = "task1", "task1\task1.csproj", "{A3F338C8-EDC5-423D-A8CC-0A8930997D43}"
EndProject
Project("{9A19103F-16F7-4668-BE54-9A1E7A4F7556}") = "task2", "task2\task2.csproj", "{A8C30315-7B37-43B8-8096-276F6DB4B34B}"
EndProject
Project("{9A19103F-16F7-4668-BE54-9A1E7A4F7556}") = "task3", "task3\task3.csproj", "{F17A4ECC-4D77-4504-8C04-A7CF13F6F81B}"
EndProject
Global
	GlobalSection(SolutionConfigurationPlatforms) = preSolution
		Debug|Any CPU = Debug|Any CPU
		Release|Any CPU = Release|Any CPU
	EndGlobalSection
	GlobalSection(ProjectConfigurationPlatforms) = postSolution
		{A3F338C8-EDC5-423D-A8CC-0A8930997D43}.Debug|Any CPU.ActiveCfg = Debug|Any CPU
		{A3F338C8-EDC5-423D-A8CC-0A8930997D43}.Debug|Any CPU.Build.0 = Debug|Any CPU
		{A3F338C8-EDC5-423D-A8CC-0A8930997D43}.Release|Any CPU.ActiveCfg = Release|Any CPU
		{A3F338C8-EDC5-423D-A8CC-0A8930997D43}.Release|Any CPU.Build.0 = Release|Any CPU
		{A8C30315-7B37-43B8-8096-276F6DB4B34B}.Debug|Any CPU.ActiveCfg = Debug|Any CPU
		{A8C30315-7B37-43B8-8096-276F6DB4B34B}.Debug|Any CPU.Build.0 = Debug|Any CPU
		{A8C30315-7B37-43B8-8096-276F6DB4B34B}.Release|Any CPU.ActiveCfg = Release|Any CPU
		{A8C30315-7B37-43B8-8096-276F6DB4B34B}.Release|Any CPU.Build.0 = Release|Any CPU
		{F17A4ECC-4D77-4504-8C04-A7CF13F6F81B}.Debug|Any CPU.ActiveCfg = Debug|Any CPU
		{F17A4ECC-4D77-4504-8C04-A7CF13F6F81B}.Debug|Any CPU.Build.0 = Debug|Any CPU
		{F17A4ECC-4D77-4504-8C04-A7CF13F6F81B}.Release|Any CPU.ActiveCfg = Release|Any CPU
		{F17A4ECC-4D77-4504-8C04-A7CF13F6F81B}.Release|Any CPU.Build.0 = Release|Any CPU
	EndGlobalSection
	GlobalSection(SolutionProperties) = preSolution
		HideSolutionNode = FALSE
	EndGlobalSection
	GlobalSection(ExtensibilityGlobals) = postSolution
		SolutionGuid = {1F1D7F36-1741-4C88-881D-50F5877FB647}
	EndGlobalSection
EndGlobal
